
Microsoft Visual Studio Solution File, Format Version 12.00
# Visual Studio Version 16
VisualStudioVersion = 16.0.31005.135
MinimumVisualStudioVersion = 10.0.40219.1
Project("{F184B08F-C81C-45F6-A57F-5ABD9991F28F}") = "twst", "twst\twst.vbproj", "{2E78C93E-BD16-4CD2-A8DA-801D03E0C36F}"
EndProject
Global
	GlobalSection(SolutionConfigurationPlatforms) = preSolution
		Debug|Any CPU = Debug|Any CPU
		Release|Any CPU = Release|Any CPU
	EndGlobalSection
	GlobalSection(ProjectConfigurationPlatforms) = postSolution
		{2E78C93E-BD16-4CD2-A8DA-801D03E0C36F}.Debug|Any CPU.ActiveCfg = Debug|Any CPU
		{2E78C93E-BD16-4CD2-A8DA-801D03E0C36F}.Debug|Any CPU.Build.0 = Debug|Any CPU
		{2E78C93E-BD16-4CD2-A8DA-801D03E0C36F}.Release|Any CPU.ActiveCfg = Release|Any CPU
		{2E78C93E-BD16-4CD2-A8DA-801D03E0C36F}.Release|Any CPU.Build.0 = Release|Any CPU
	EndGlobalSection
	GlobalSection(SolutionProperties) = preSolution
		HideSolutionNode = FALSE
	EndGlobalSection
	GlobalSection(ExtensibilityGlobals) = postSolution
		SolutionGuid = {25D6C5E2-1890-41A2-80A7-0057043C1F69}
	EndGlobalSection
EndGlobal
